
Microsoft Visual Studio Solution File, Format Version 12.00
# Visual Studio Version 16
VisualStudioVersion = 16.0.30002.166
MinimumVisualStudioVersion = 10.0.40219.1
Project("{FAE04EC0-301F-11D3-BF4B-00C04F79EFBC}") = "conrod", "conrod.csproj", "{4DD33B53-3DAB-4742-B023-78DDFA927FFF}"
EndProject
Global
	GlobalSection(SolutionConfigurationPlatforms) = preSolution
		Debug|Any CPU = Debug|Any CPU
		Release|Any CPU = Release|Any CPU
	EndGlobalSection
	GlobalSection(ProjectConfigurationPlatforms) = postSolution
		{4DD33B53-3DAB-4742-B023-78DDFA927FFF}.Debug|Any CPU.ActiveCfg = Debug|Any CPU
		{4DD33B53-3DAB-4742-B023-78DDFA927FFF}.Debug|Any CPU.Build.0 = Debug|Any CPU
		{4DD33B53-3DAB-4742-B023-78DDFA927FFF}.Release|Any CPU.ActiveCfg = Release|Any CPU
		{4DD33B53-3DAB-4742-B023-78DDFA927FFF}.Release|Any CPU.Build.0 = Release|Any CPU
	EndGlobalSection
	GlobalSection(SolutionProperties) = preSolution
		HideSolutionNode = FALSE
	EndGlobalSection
	GlobalSection(ExtensibilityGlobals) = postSolution
		SolutionGuid = {D5627EAE-9DED-49CC-B04A-9B7B6AE5FD08}
	EndGlobalSection
EndGlobal
